// !$*UTF8*$!
{
	archiveVersion = 1;
	classes = {
	};
	objectVersion = 56;
	objects = {

/* Begin PBXBuildFile section */
		01C9705DFE0FA7EA4DB08BA7 /* Pods_TheLexenNews_TheLexenNewsUITests.framework in Frameworks */ = {isa = PBXBuildFile; fileRef = D52159749B2DD08ECF1A392D /* Pods_TheLexenNews_TheLexenNewsUITests.framework */; };
		0A368AA32C63F4720085DDA7 /* AppDelegate.swift in Sources */ = {isa = PBXBuildFile; fileRef = 0A368AA22C63F4720085DDA7 /* AppDelegate.swift */; };
		0A368AA52C63F4720085DDA7 /* SceneDelegate.swift in Sources */ = {isa = PBXBuildFile; fileRef = 0A368AA42C63F4720085DDA7 /* SceneDelegate.swift */; };
		0A368AA72C63F4720085DDA7 /* ViewController.swift in Sources */ = {isa = PBXBuildFile; fileRef = 0A368AA62C63F4720085DDA7 /* ViewController.swift */; };
		0A368AAA2C63F4720085DDA7 /* Base in Resources */ = {isa = PBXBuildFile; fileRef = 0A368AA92C63F4720085DDA7 /* Base */; };
		0A368AAD2C63F4720085DDA7 /* TheLexenNews.xcdatamodeld in Sources */ = {isa = PBXBuildFile; fileRef = 0A368AAB2C63F4720085DDA7 /* TheLexenNews.xcdatamodeld */; };
		0A368AAF2C63F4730085DDA7 /* Assets.xcassets in Resources */ = {isa = PBXBuildFile; fileRef = 0A368AAE2C63F4730085DDA7 /* Assets.xcassets */; };
		0A368AB22C63F4730085DDA7 /* Base in Resources */ = {isa = PBXBuildFile; fileRef = 0A368AB12C63F4730085DDA7 /* Base */; };
		0A368ABD2C63F4730085DDA7 /* TheLexenNewsTests.swift in Sources */ = {isa = PBXBuildFile; fileRef = 0A368ABC2C63F4730085DDA7 /* TheLexenNewsTests.swift */; };
		0A368AC72C63F4730085DDA7 /* TheLexenNewsUITests.swift in Sources */ = {isa = PBXBuildFile; fileRef = 0A368AC62C63F4730085DDA7 /* TheLexenNewsUITests.swift */; };
		0A368AC92C63F4730085DDA7 /* TheLexenNewsUITestsLaunchTests.swift in Sources */ = {isa = PBXBuildFile; fileRef = 0A368AC82C63F4730085DDA7 /* TheLexenNewsUITestsLaunchTests.swift */; };
		0A368AD92C63F52F0085DDA7 /* LaunchViewController.xib in Resources */ = {isa = PBXBuildFile; fileRef = 0A368AD82C63F52F0085DDA7 /* LaunchViewController.xib */; };
		0A368ADA2C63F52F0085DDA7 /* LaunchViewController.swift in Sources */ = {isa = PBXBuildFile; fileRef = 0A368AD72C63F52F0085DDA7 /* LaunchViewController.swift */; };
		0A368ADE2C6415E50085DDA7 /* HomeViewController.xib in Resources */ = {isa = PBXBuildFile; fileRef = 0A368ADD2C6415E50085DDA7 /* HomeViewController.xib */; };
		0A368ADF2C6415E50085DDA7 /* HomeViewController.swift in Sources */ = {isa = PBXBuildFile; fileRef = 0A368ADC2C6415E50085DDA7 /* HomeViewController.swift */; };
		0A368AE32C644D080085DDA7 /* BreakingNewsHeaderTableViewCell.xib in Resources */ = {isa = PBXBuildFile; fileRef = 0A368AE22C644D080085DDA7 /* BreakingNewsHeaderTableViewCell.xib */; };
		0A368AE42C644D080085DDA7 /* BreakingNewsHeaderTableViewCell.swift in Sources */ = {isa = PBXBuildFile; fileRef = 0A368AE12C644D080085DDA7 /* BreakingNewsHeaderTableViewCell.swift */; };
		0A368AE72C644FB00085DDA7 /* UIConstants.swift in Sources */ = {isa = PBXBuildFile; fileRef = 0A368AE62C644FB00085DDA7 /* UIConstants.swift */; };
		0A368AEB2C6450880085DDA7 /* BreakingNewsTableViewCell.xib in Resources */ = {isa = PBXBuildFile; fileRef = 0A368AEA2C6450880085DDA7 /* BreakingNewsTableViewCell.xib */; };
		0A368AEC2C6450880085DDA7 /* BreakingNewsTableViewCell.swift in Sources */ = {isa = PBXBuildFile; fileRef = 0A368AE92C6450880085DDA7 /* BreakingNewsTableViewCell.swift */; };
		0A368AF12C6451A50085DDA7 /* BreakingNewsCollectionViewCell.xib in Resources */ = {isa = PBXBuildFile; fileRef = 0A368AF02C6451A50085DDA7 /* BreakingNewsCollectionViewCell.xib */; };
		0A368AF22C6451A50085DDA7 /* BreakingNewsCollectionViewCell.swift in Sources */ = {isa = PBXBuildFile; fileRef = 0A368AEF2C6451A50085DDA7 /* BreakingNewsCollectionViewCell.swift */; };
		0A4425492C65867D009F38EB /* TopHeadlinesModel.swift in Sources */ = {isa = PBXBuildFile; fileRef = 0A4425482C65867D009F38EB /* TopHeadlinesModel.swift */; };
		0A44254B2C658712009F38EB /* HomeViewModel.swift in Sources */ = {isa = PBXBuildFile; fileRef = 0A44254A2C658712009F38EB /* HomeViewModel.swift */; };
		0A44254D2C658741009F38EB /* NetworkManager.swift in Sources */ = {isa = PBXBuildFile; fileRef = 0A44254C2C658741009F38EB /* NetworkManager.swift */; };
		0A44254F2C66793C009F38EB /* NetworkConstants.swift in Sources */ = {isa = PBXBuildFile; fileRef = 0A44254E2C66793C009F38EB /* NetworkConstants.swift */; };
		0A4425522C6683E3009F38EB /* EverythingModel.swift in Sources */ = {isa = PBXBuildFile; fileRef = 0A4425512C6683E3009F38EB /* EverythingModel.swift */; };
		0A4425592C66AEEA009F38EB /* NewsDetailViewController.swift in Sources */ = {isa = PBXBuildFile; fileRef = 0A4425572C66AEEA009F38EB /* NewsDetailViewController.swift */; };
		0A44255A2C66AEEA009F38EB /* NewsDetailViewController.xib in Resources */ = {isa = PBXBuildFile; fileRef = 0A4425582C66AEEA009F38EB /* NewsDetailViewController.xib */; };
		0A4C381C2C67049900F1ADB8 /* WebViewController.swift in Sources */ = {isa = PBXBuildFile; fileRef = 0A4C381A2C67049900F1ADB8 /* WebViewController.swift */; };
		0A4C381D2C67049900F1ADB8 /* WebViewController.xib in Resources */ = {isa = PBXBuildFile; fileRef = 0A4C381B2C67049900F1ADB8 /* WebViewController.xib */; };
		0A7D6DEB2C65405D00D80945 /* UIHelperFunctions.swift in Sources */ = {isa = PBXBuildFile; fileRef = 0A7D6DEA2C65405D00D80945 /* UIHelperFunctions.swift */; };
		0A7D6DF02C654B3D00D80945 /* RecomendationsTableViewCell.xib in Resources */ = {isa = PBXBuildFile; fileRef = 0A7D6DEF2C654B3D00D80945 /* RecomendationsTableViewCell.xib */; };
		0A7D6DF12C654B3D00D80945 /* RecomendationsTableViewCell.swift in Sources */ = {isa = PBXBuildFile; fileRef = 0A7D6DEE2C654B3D00D80945 /* RecomendationsTableViewCell.swift */; };
		0A8ABB9F2C67DD6400F56772 /* AllNewsViewController.xib in Resources */ = {isa = PBXBuildFile; fileRef = 0A8ABB9E2C67DD6400F56772 /* AllNewsViewController.xib */; };
		0A8ABBA02C67DD6400F56772 /* AllNewsViewController.swift in Sources */ = {isa = PBXBuildFile; fileRef = 0A8ABB9D2C67DD6400F56772 /* AllNewsViewController.swift */; };
		0A8ABBA42C67DE4200F56772 /* CountryCollectionVIewCell.xib in Resources */ = {isa = PBXBuildFile; fileRef = 0A8ABBA32C67DE4200F56772 /* CountryCollectionVIewCell.xib */; };
		0A8ABBA52C67DE4200F56772 /* CountryCollectionVIewCell.swift in Sources */ = {isa = PBXBuildFile; fileRef = 0A8ABBA22C67DE4200F56772 /* CountryCollectionVIewCell.swift */; };
		0A8ABBA72C6811E900F56772 /* AllNewsViewModel.swift in Sources */ = {isa = PBXBuildFile; fileRef = 0A8ABBA62C6811E900F56772 /* AllNewsViewModel.swift */; };
		54FB54C2CED14295493CE4B5 /* Pods_TheLexenNewsTests.framework in Frameworks */ = {isa = PBXBuildFile; fileRef = 6BA445DC185302662857B4D1 /* Pods_TheLexenNewsTests.framework */; };
		6CFCA3CCD5C6AEB56F715EDE /* Pods_TheLexenNews.framework in Frameworks */ = {isa = PBXBuildFile; fileRef = 201D4A5AD7D15A583F17AB6C /* Pods_TheLexenNews.framework */; };
/* End PBXBuildFile section */

/* Begin PBXContainerItemProxy section */
		0A368AB92C63F4730085DDA7 /* PBXContainerItemProxy */ = {
			isa = PBXContainerItemProxy;
			containerPortal = 0A368A972C63F4720085DDA7 /* Project object */;
			proxyType = 1;
			remoteGlobalIDString = 0A368A9E2C63F4720085DDA7;
			remoteInfo = TheLexenNews;
		};
		0A368AC32C63F4730085DDA7 /* PBXContainerItemProxy */ = {
			isa = PBXContainerItemProxy;
			containerPortal = 0A368A972C63F4720085DDA7 /* Project object */;
			proxyType = 1;
			remoteGlobalIDString = 0A368A9E2C63F4720085DDA7;
			remoteInfo = TheLexenNews;
		};
/* End PBXContainerItemProxy section */

/* Begin PBXFileReference section */
		04479B24AC65FF39A7FAAB04 /* Pods-TheLexenNews.release.xcconfig */ = {isa = PBXFileReference; includeInIndex = 1; lastKnownFileType = text.xcconfig; name = "Pods-TheLexenNews.release.xcconfig"; path = "Target Support Files/Pods-TheLexenNews/Pods-TheLexenNews.release.xcconfig"; sourceTree = "<group>"; };
		0A368A9F2C63F4720085DDA7 /* TheLexenNews.app */ = {isa = PBXFileReference; explicitFileType = wrapper.application; includeInIndex = 0; path = TheLexenNews.app; sourceTree = BUILT_PRODUCTS_DIR; };
		0A368AA22C63F4720085DDA7 /* AppDelegate.swift */ = {isa = PBXFileReference; lastKnownFileType = sourcecode.swift; path = AppDelegate.swift; sourceTree = "<group>"; };
		0A368AA42C63F4720085DDA7 /* SceneDelegate.swift */ = {isa = PBXFileReference; lastKnownFileType = sourcecode.swift; path = SceneDelegate.swift; sourceTree = "<group>"; };
		0A368AA62C63F4720085DDA7 /* ViewController.swift */ = {isa = PBXFileReference; lastKnownFileType = sourcecode.swift; path = ViewController.swift; sourceTree = "<group>"; };
		0A368AA92C63F4720085DDA7 /* Base */ = {isa = PBXFileReference; lastKnownFileType = file.storyboard; name = Base; path = Base.lproj/Main.storyboard; sourceTree = "<group>"; };
		0A368AAC2C63F4720085DDA7 /* TheLexenNews.xcdatamodel */ = {isa = PBXFileReference; lastKnownFileType = wrapper.xcdatamodel; path = TheLexenNews.xcdatamodel; sourceTree = "<group>"; };
		0A368AAE2C63F4730085DDA7 /* Assets.xcassets */ = {isa = PBXFileReference; lastKnownFileType = folder.assetcatalog; path = Assets.xcassets; sourceTree = "<group>"; };
		0A368AB12C63F4730085DDA7 /* Base */ = {isa = PBXFileReference; lastKnownFileType = file.storyboard; name = Base; path = Base.lproj/LaunchScreen.storyboard; sourceTree = "<group>"; };
		0A368AB32C63F4730085DDA7 /* Info.plist */ = {isa = PBXFileReference; lastKnownFileType = text.plist.xml; path = Info.plist; sourceTree = "<group>"; };
		0A368AB82C63F4730085DDA7 /* TheLexenNewsTests.xctest */ = {isa = PBXFileReference; explicitFileType = wrapper.cfbundle; includeInIndex = 0; path = TheLexenNewsTests.xctest; sourceTree = BUILT_PRODUCTS_DIR; };
		0A368ABC2C63F4730085DDA7 /* TheLexenNewsTests.swift */ = {isa = PBXFileReference; lastKnownFileType = sourcecode.swift; path = TheLexenNewsTests.swift; sourceTree = "<group>"; };
		0A368AC22C63F4730085DDA7 /* TheLexenNewsUITests.xctest */ = {isa = PBXFileReference; explicitFileType = wrapper.cfbundle; includeInIndex = 0; path = TheLexenNewsUITests.xctest; sourceTree = BUILT_PRODUCTS_DIR; };
		0A368AC62C63F4730085DDA7 /* TheLexenNewsUITests.swift */ = {isa = PBXFileReference; lastKnownFileType = sourcecode.swift; path = TheLexenNewsUITests.swift; sourceTree = "<group>"; };
		0A368AC82C63F4730085DDA7 /* TheLexenNewsUITestsLaunchTests.swift */ = {isa = PBXFileReference; lastKnownFileType = sourcecode.swift; path = TheLexenNewsUITestsLaunchTests.swift; sourceTree = "<group>"; };
		0A368AD72C63F52F0085DDA7 /* LaunchViewController.swift */ = {isa = PBXFileReference; lastKnownFileType = sourcecode.swift; path = LaunchViewController.swift; sourceTree = "<group>"; };
		0A368AD82C63F52F0085DDA7 /* LaunchViewController.xib */ = {isa = PBXFileReference; lastKnownFileType = file.xib; path = LaunchViewController.xib; sourceTree = "<group>"; };
		0A368ADC2C6415E50085DDA7 /* HomeViewController.swift */ = {isa = PBXFileReference; lastKnownFileType = sourcecode.swift; path = HomeViewController.swift; sourceTree = "<group>"; };
		0A368ADD2C6415E50085DDA7 /* HomeViewController.xib */ = {isa = PBXFileReference; lastKnownFileType = file.xib; path = HomeViewController.xib; sourceTree = "<group>"; };
		0A368AE12C644D080085DDA7 /* BreakingNewsHeaderTableViewCell.swift */ = {isa = PBXFileReference; lastKnownFileType = sourcecode.swift; path = BreakingNewsHeaderTableViewCell.swift; sourceTree = "<group>"; };
		0A368AE22C644D080085DDA7 /* BreakingNewsHeaderTableViewCell.xib */ = {isa = PBXFileReference; lastKnownFileType = file.xib; path = BreakingNewsHeaderTableViewCell.xib; sourceTree = "<group>"; };
		0A368AE62C644FB00085DDA7 /* UIConstants.swift */ = {isa = PBXFileReference; lastKnownFileType = sourcecode.swift; path = UIConstants.swift; sourceTree = "<group>"; };
		0A368AE92C6450880085DDA7 /* BreakingNewsTableViewCell.swift */ = {isa = PBXFileReference; lastKnownFileType = sourcecode.swift; path = BreakingNewsTableViewCell.swift; sourceTree = "<group>"; };
		0A368AEA2C6450880085DDA7 /* BreakingNewsTableViewCell.xib */ = {isa = PBXFileReference; lastKnownFileType = file.xib; path = BreakingNewsTableViewCell.xib; sourceTree = "<group>"; };
		0A368AEF2C6451A50085DDA7 /* BreakingNewsCollectionViewCell.swift */ = {isa = PBXFileReference; lastKnownFileType = sourcecode.swift; path = BreakingNewsCollectionViewCell.swift; sourceTree = "<group>"; };
		0A368AF02C6451A50085DDA7 /* BreakingNewsCollectionViewCell.xib */ = {isa = PBXFileReference; lastKnownFileType = file.xib; path = BreakingNewsCollectionViewCell.xib; sourceTree = "<group>"; };
		0A4425482C65867D009F38EB /* TopHeadlinesModel.swift */ = {isa = PBXFileReference; lastKnownFileType = sourcecode.swift; path = TopHeadlinesModel.swift; sourceTree = "<group>"; };
		0A44254A2C658712009F38EB /* HomeViewModel.swift */ = {isa = PBXFileReference; lastKnownFileType = sourcecode.swift; path = HomeViewModel.swift; sourceTree = "<group>"; };
		0A44254C2C658741009F38EB /* NetworkManager.swift */ = {isa = PBXFileReference; lastKnownFileType = sourcecode.swift; path = NetworkManager.swift; sourceTree = "<group>"; };
		0A44254E2C66793C009F38EB /* NetworkConstants.swift */ = {isa = PBXFileReference; lastKnownFileType = sourcecode.swift; path = NetworkConstants.swift; sourceTree = "<group>"; };
		0A4425512C6683E3009F38EB /* EverythingModel.swift */ = {isa = PBXFileReference; lastKnownFileType = sourcecode.swift; path = EverythingModel.swift; sourceTree = "<group>"; };
		0A4425572C66AEEA009F38EB /* NewsDetailViewController.swift */ = {isa = PBXFileReference; lastKnownFileType = sourcecode.swift; path = NewsDetailViewController.swift; sourceTree = "<group>"; };
		0A4425582C66AEEA009F38EB /* NewsDetailViewController.xib */ = {isa = PBXFileReference; lastKnownFileType = file.xib; path = NewsDetailViewController.xib; sourceTree = "<group>"; };
		0A4C381A2C67049900F1ADB8 /* WebViewController.swift */ = {isa = PBXFileReference; lastKnownFileType = sourcecode.swift; path = WebViewController.swift; sourceTree = "<group>"; };
		0A4C381B2C67049900F1ADB8 /* WebViewController.xib */ = {isa = PBXFileReference; lastKnownFileType = file.xib; path = WebViewController.xib; sourceTree = "<group>"; };
		0A7D6DEA2C65405D00D80945 /* UIHelperFunctions.swift */ = {isa = PBXFileReference; lastKnownFileType = sourcecode.swift; path = UIHelperFunctions.swift; sourceTree = "<group>"; };
		0A7D6DEE2C654B3D00D80945 /* RecomendationsTableViewCell.swift */ = {isa = PBXFileReference; lastKnownFileType = sourcecode.swift; path = RecomendationsTableViewCell.swift; sourceTree = "<group>"; };
		0A7D6DEF2C654B3D00D80945 /* RecomendationsTableViewCell.xib */ = {isa = PBXFileReference; lastKnownFileType = file.xib; path = RecomendationsTableViewCell.xib; sourceTree = "<group>"; };
		0A8ABB9D2C67DD6400F56772 /* AllNewsViewController.swift */ = {isa = PBXFileReference; lastKnownFileType = sourcecode.swift; path = AllNewsViewController.swift; sourceTree = "<group>"; };
		0A8ABB9E2C67DD6400F56772 /* AllNewsViewController.xib */ = {isa = PBXFileReference; lastKnownFileType = file.xib; path = AllNewsViewController.xib; sourceTree = "<group>"; };
		0A8ABBA22C67DE4200F56772 /* CountryCollectionVIewCell.swift */ = {isa = PBXFileReference; lastKnownFileType = sourcecode.swift; path = CountryCollectionVIewCell.swift; sourceTree = "<group>"; };
		0A8ABBA32C67DE4200F56772 /* CountryCollectionVIewCell.xib */ = {isa = PBXFileReference; lastKnownFileType = file.xib; path = CountryCollectionVIewCell.xib; sourceTree = "<group>"; };
		0A8ABBA62C6811E900F56772 /* AllNewsViewModel.swift */ = {isa = PBXFileReference; lastKnownFileType = sourcecode.swift; path = AllNewsViewModel.swift; sourceTree = "<group>"; };
		201D4A5AD7D15A583F17AB6C /* Pods_TheLexenNews.framework */ = {isa = PBXFileReference; explicitFileType = wrapper.framework; includeInIndex = 0; path = Pods_TheLexenNews.framework; sourceTree = BUILT_PRODUCTS_DIR; };
		3401FB75E4B635D5104D5D41 /* Pods-TheLexenNews-TheLexenNewsUITests.release.xcconfig */ = {isa = PBXFileReference; includeInIndex = 1; lastKnownFileType = text.xcconfig; name = "Pods-TheLexenNews-TheLexenNewsUITests.release.xcconfig"; path = "Target Support Files/Pods-TheLexenNews-TheLexenNewsUITests/Pods-TheLexenNews-TheLexenNewsUITests.release.xcconfig"; sourceTree = "<group>"; };
		3A7308D7C22F27F786238180 /* Pods-TheLexenNewsTests.release.xcconfig */ = {isa = PBXFileReference; includeInIndex = 1; lastKnownFileType = text.xcconfig; name = "Pods-TheLexenNewsTests.release.xcconfig"; path = "Target Support Files/Pods-TheLexenNewsTests/Pods-TheLexenNewsTests.release.xcconfig"; sourceTree = "<group>"; };
		6BA445DC185302662857B4D1 /* Pods_TheLexenNewsTests.framework */ = {isa = PBXFileReference; explicitFileType = wrapper.framework; includeInIndex = 0; path = Pods_TheLexenNewsTests.framework; sourceTree = BUILT_PRODUCTS_DIR; };
		774A46E7BFF055DF66BA7B0D /* Pods-TheLexenNewsTests.debug.xcconfig */ = {isa = PBXFileReference; includeInIndex = 1; lastKnownFileType = text.xcconfig; name = "Pods-TheLexenNewsTests.debug.xcconfig"; path = "Target Support Files/Pods-TheLexenNewsTests/Pods-TheLexenNewsTests.debug.xcconfig"; sourceTree = "<group>"; };
		A1B65A5DB675F39F6E00ED38 /* Pods-TheLexenNews-TheLexenNewsUITests.debug.xcconfig */ = {isa = PBXFileReference; includeInIndex = 1; lastKnownFileType = text.xcconfig; name = "Pods-TheLexenNews-TheLexenNewsUITests.debug.xcconfig"; path = "Target Support Files/Pods-TheLexenNews-TheLexenNewsUITests/Pods-TheLexenNews-TheLexenNewsUITests.debug.xcconfig"; sourceTree = "<group>"; };
		C7AD779B7AB266B941A83481 /* Pods-TheLexenNews.debug.xcconfig */ = {isa = PBXFileReference; includeInIndex = 1; lastKnownFileType = text.xcconfig; name = "Pods-TheLexenNews.debug.xcconfig"; path = "Target Support Files/Pods-TheLexenNews/Pods-TheLexenNews.debug.xcconfig"; sourceTree = "<group>"; };
		D52159749B2DD08ECF1A392D /* Pods_TheLexenNews_TheLexenNewsUITests.framework */ = {isa = PBXFileReference; explicitFileType = wrapper.framework; includeInIndex = 0; path = Pods_TheLexenNews_TheLexenNewsUITests.framework; sourceTree = BUILT_PRODUCTS_DIR; };
/* End PBXFileReference section */

/* Begin PBXFrameworksBuildPhase section */
		0A368A9C2C63F4720085DDA7 /* Frameworks */ = {
			isa = PBXFrameworksBuildPhase;
			buildActionMask = 2147483647;
			files = (
				6CFCA3CCD5C6AEB56F715EDE /* Pods_TheLexenNews.framework in Frameworks */,
			);
			runOnlyForDeploymentPostprocessing = 0;
		};
		0A368AB52C63F4730085DDA7 /* Frameworks */ = {
			isa = PBXFrameworksBuildPhase;
			buildActionMask = 2147483647;
			files = (
				54FB54C2CED14295493CE4B5 /* Pods_TheLexenNewsTests.framework in Frameworks */,
			);
			runOnlyForDeploymentPostprocessing = 0;
		};
		0A368ABF2C63F4730085DDA7 /* Frameworks */ = {
			isa = PBXFrameworksBuildPhase;
			buildActionMask = 2147483647;
			files = (
				01C9705DFE0FA7EA4DB08BA7 /* Pods_TheLexenNews_TheLexenNewsUITests.framework in Frameworks */,
			);
			runOnlyForDeploymentPostprocessing = 0;
		};
/* End PBXFrameworksBuildPhase section */

/* Begin PBXGroup section */
		0A368A962C63F4720085DDA7 = {
			isa = PBXGroup;
			children = (
				0A368AA12C63F4720085DDA7 /* TheLexenNews */,
				0A368ABB2C63F4730085DDA7 /* TheLexenNewsTests */,
				0A368AC52C63F4730085DDA7 /* TheLexenNewsUITests */,
				0A368AA02C63F4720085DDA7 /* Products */,
				A345D01DC60417DDCA9BAB46 /* Pods */,
				870414F4630C016694BE918F /* Frameworks */,
			);
			sourceTree = "<group>";
		};
		0A368AA02C63F4720085DDA7 /* Products */ = {
			isa = PBXGroup;
			children = (
				0A368A9F2C63F4720085DDA7 /* TheLexenNews.app */,
				0A368AB82C63F4730085DDA7 /* TheLexenNewsTests.xctest */,
				0A368AC22C63F4730085DDA7 /* TheLexenNewsUITests.xctest */,
			);
			name = Products;
			sourceTree = "<group>";
		};
		0A368AA12C63F4720085DDA7 /* TheLexenNews */ = {
			isa = PBXGroup;
			children = (
				0A368AE52C644FA00085DDA7 /* Utilities */,
				0A368AD52C63F50F0085DDA7 /* Modules */,
				0A368AA22C63F4720085DDA7 /* AppDelegate.swift */,
				0A368AA42C63F4720085DDA7 /* SceneDelegate.swift */,
				0A368AA62C63F4720085DDA7 /* ViewController.swift */,
				0A368AA82C63F4720085DDA7 /* Main.storyboard */,
				0A368AAE2C63F4730085DDA7 /* Assets.xcassets */,
				0A368AB02C63F4730085DDA7 /* LaunchScreen.storyboard */,
				0A368AB32C63F4730085DDA7 /* Info.plist */,
				0A368AAB2C63F4720085DDA7 /* TheLexenNews.xcdatamodeld */,
			);
			path = TheLexenNews;
			sourceTree = "<group>";
		};
		0A368ABB2C63F4730085DDA7 /* TheLexenNewsTests */ = {
			isa = PBXGroup;
			children = (
				0A368ABC2C63F4730085DDA7 /* TheLexenNewsTests.swift */,
			);
			path = TheLexenNewsTests;
			sourceTree = "<group>";
		};
		0A368AC52C63F4730085DDA7 /* TheLexenNewsUITests */ = {
			isa = PBXGroup;
			children = (
				0A368AC62C63F4730085DDA7 /* TheLexenNewsUITests.swift */,
				0A368AC82C63F4730085DDA7 /* TheLexenNewsUITestsLaunchTests.swift */,
			);
			path = TheLexenNewsUITests;
			sourceTree = "<group>";
		};
		0A368AD52C63F50F0085DDA7 /* Modules */ = {
			isa = PBXGroup;
			children = (
				0A8ABB992C67DD2D00F56772 /* AllNewsModule */,
				0A4425532C66AE70009F38EB /* NewsDetailModule */,
				0A368ADB2C6415C30085DDA7 /* HomeModule */,
				0A368AD62C63F51E0085DDA7 /* LaunchModule */,
			);
			path = Modules;
			sourceTree = "<group>";
		};
		0A368AD62C63F51E0085DDA7 /* LaunchModule */ = {
			isa = PBXGroup;
			children = (
				0A368AD72C63F52F0085DDA7 /* LaunchViewController.swift */,
				0A368AD82C63F52F0085DDA7 /* LaunchViewController.xib */,
			);
			path = LaunchModule;
			sourceTree = "<group>";
		};
		0A368ADB2C6415C30085DDA7 /* HomeModule */ = {
			isa = PBXGroup;
			children = (
				0A4425472C65859C009F38EB /* Model */,
				0A4425462C658596009F38EB /* ViewModel */,
				0A4425452C658590009F38EB /* View */,
			);
			path = HomeModule;
			sourceTree = "<group>";
		};
		0A368AE02C644CDA0085DDA7 /* BreakingNewsHeaderTableViewCell */ = {
			isa = PBXGroup;
			children = (
				0A368AE12C644D080085DDA7 /* BreakingNewsHeaderTableViewCell.swift */,
				0A368AE22C644D080085DDA7 /* BreakingNewsHeaderTableViewCell.xib */,
			);
			path = BreakingNewsHeaderTableViewCell;
			sourceTree = "<group>";
		};
		0A368AE52C644FA00085DDA7 /* Utilities */ = {
			isa = PBXGroup;
			children = (
				0A4425502C6682E9009F38EB /* NetworkHelpers */,
				0A368AE62C644FB00085DDA7 /* UIConstants.swift */,
				0A7D6DEA2C65405D00D80945 /* UIHelperFunctions.swift */,
			);
			path = Utilities;
			sourceTree = "<group>";
		};
		0A368AE82C6450630085DDA7 /* BreakingNewsTableViewCell */ = {
			isa = PBXGroup;
			children = (
				0A368AEE2C6451890085DDA7 /* BreakingNewsCollectionViewCell */,
				0A368AE92C6450880085DDA7 /* BreakingNewsTableViewCell.swift */,
				0A368AEA2C6450880085DDA7 /* BreakingNewsTableViewCell.xib */,
			);
			path = BreakingNewsTableViewCell;
			sourceTree = "<group>";
		};
		0A368AEE2C6451890085DDA7 /* BreakingNewsCollectionViewCell */ = {
			isa = PBXGroup;
			children = (
				0A368AEF2C6451A50085DDA7 /* BreakingNewsCollectionViewCell.swift */,
				0A368AF02C6451A50085DDA7 /* BreakingNewsCollectionViewCell.xib */,
			);
			path = BreakingNewsCollectionViewCell;
			sourceTree = "<group>";
		};
		0A4425452C658590009F38EB /* View */ = {
			isa = PBXGroup;
			children = (
				0A7D6DED2C654B1300D80945 /* RecomendationsTableViewCell */,
				0A368AE82C6450630085DDA7 /* BreakingNewsTableViewCell */,
				0A368AE02C644CDA0085DDA7 /* BreakingNewsHeaderTableViewCell */,
				0A368ADC2C6415E50085DDA7 /* HomeViewController.swift */,
				0A368ADD2C6415E50085DDA7 /* HomeViewController.xib */,
			);
			path = View;
			sourceTree = "<group>";
		};
		0A4425462C658596009F38EB /* ViewModel */ = {
			isa = PBXGroup;
			children = (
				0A44254A2C658712009F38EB /* HomeViewModel.swift */,
			);
			path = ViewModel;
			sourceTree = "<group>";
		};
		0A4425472C65859C009F38EB /* Model */ = {
			isa = PBXGroup;
			children = (
				0A4425482C65867D009F38EB /* TopHeadlinesModel.swift */,
				0A4425512C6683E3009F38EB /* EverythingModel.swift */,
			);
			path = Model;
			sourceTree = "<group>";
		};
		0A4425502C6682E9009F38EB /* NetworkHelpers */ = {
			isa = PBXGroup;
			children = (
				0A44254C2C658741009F38EB /* NetworkManager.swift */,
				0A44254E2C66793C009F38EB /* NetworkConstants.swift */,
			);
			path = NetworkHelpers;
			sourceTree = "<group>";
		};
		0A4425532C66AE70009F38EB /* NewsDetailModule */ = {
			isa = PBXGroup;
			children = (
				0A4425562C66AE83009F38EB /* Model */,
				0A4425552C66AE7E009F38EB /* VIewModel */,
				0A4425542C66AE7A009F38EB /* View */,
			);
			path = NewsDetailModule;
			sourceTree = "<group>";
		};
		0A4425542C66AE7A009F38EB /* View */ = {
			isa = PBXGroup;
			children = (
				0A4C38192C67048500F1ADB8 /* WebViewController */,
				0A4425572C66AEEA009F38EB /* NewsDetailViewController.swift */,
				0A4425582C66AEEA009F38EB /* NewsDetailViewController.xib */,
			);
			path = View;
			sourceTree = "<group>";
		};
		0A4425552C66AE7E009F38EB /* VIewModel */ = {
			isa = PBXGroup;
			children = (
			);
			path = VIewModel;
			sourceTree = "<group>";
		};
		0A4425562C66AE83009F38EB /* Model */ = {
			isa = PBXGroup;
			children = (
			);
			path = Model;
			sourceTree = "<group>";
		};
		0A4C38192C67048500F1ADB8 /* WebViewController */ = {
			isa = PBXGroup;
			children = (
				0A4C381A2C67049900F1ADB8 /* WebViewController.swift */,
				0A4C381B2C67049900F1ADB8 /* WebViewController.xib */,
			);
			path = WebViewController;
			sourceTree = "<group>";
		};
		0A7D6DED2C654B1300D80945 /* RecomendationsTableViewCell */ = {
			isa = PBXGroup;
			children = (
				0A7D6DEE2C654B3D00D80945 /* RecomendationsTableViewCell.swift */,
				0A7D6DEF2C654B3D00D80945 /* RecomendationsTableViewCell.xib */,
			);
			path = RecomendationsTableViewCell;
			sourceTree = "<group>";
		};
		0A8ABB992C67DD2D00F56772 /* AllNewsModule */ = {
			isa = PBXGroup;
			children = (
				0A8ABB9C2C67DD5300F56772 /* Model */,
				0A8ABB9B2C67DD4E00F56772 /* ViewModel */,
				0A8ABB9A2C67DD4A00F56772 /* View */,
			);
			path = AllNewsModule;
			sourceTree = "<group>";
		};
		0A8ABB9A2C67DD4A00F56772 /* View */ = {
			isa = PBXGroup;
			children = (
				0A8ABBA12C67DE1600F56772 /* CountryCollectionViewCell */,
				0A8ABB9D2C67DD6400F56772 /* AllNewsViewController.swift */,
				0A8ABB9E2C67DD6400F56772 /* AllNewsViewController.xib */,
			);
			path = View;
			sourceTree = "<group>";
		};
		0A8ABB9B2C67DD4E00F56772 /* ViewModel */ = {
			isa = PBXGroup;
			children = (
				0A8ABBA62C6811E900F56772 /* AllNewsViewModel.swift */,
			);
			path = ViewModel;
			sourceTree = "<group>";
		};
		0A8ABB9C2C67DD5300F56772 /* Model */ = {
			isa = PBXGroup;
			children = (
			);
			path = Model;
			sourceTree = "<group>";
		};
		0A8ABBA12C67DE1600F56772 /* CountryCollectionViewCell */ = {
			isa = PBXGroup;
			children = (
				0A8ABBA22C67DE4200F56772 /* CountryCollectionVIewCell.swift */,
				0A8ABBA32C67DE4200F56772 /* CountryCollectionVIewCell.xib */,
			);
			path = CountryCollectionViewCell;
			sourceTree = "<group>";
		};
		870414F4630C016694BE918F /* Frameworks */ = {
			isa = PBXGroup;
			children = (
				201D4A5AD7D15A583F17AB6C /* Pods_TheLexenNews.framework */,
				D52159749B2DD08ECF1A392D /* Pods_TheLexenNews_TheLexenNewsUITests.framework */,
				6BA445DC185302662857B4D1 /* Pods_TheLexenNewsTests.framework */,
			);
			name = Frameworks;
			sourceTree = "<group>";
		};
		A345D01DC60417DDCA9BAB46 /* Pods */ = {
			isa = PBXGroup;
			children = (
				C7AD779B7AB266B941A83481 /* Pods-TheLexenNews.debug.xcconfig */,
				04479B24AC65FF39A7FAAB04 /* Pods-TheLexenNews.release.xcconfig */,
				A1B65A5DB675F39F6E00ED38 /* Pods-TheLexenNews-TheLexenNewsUITests.debug.xcconfig */,
				3401FB75E4B635D5104D5D41 /* Pods-TheLexenNews-TheLexenNewsUITests.release.xcconfig */,
				774A46E7BFF055DF66BA7B0D /* Pods-TheLexenNewsTests.debug.xcconfig */,
				3A7308D7C22F27F786238180 /* Pods-TheLexenNewsTests.release.xcconfig */,
			);
			path = Pods;
			sourceTree = "<group>";
		};
/* End PBXGroup section */

/* Begin PBXNativeTarget section */
		0A368A9E2C63F4720085DDA7 /* TheLexenNews */ = {
			isa = PBXNativeTarget;
			buildConfigurationList = 0A368ACC2C63F4730085DDA7 /* Build configuration list for PBXNativeTarget "TheLexenNews" */;
			buildPhases = (
				A423CB1FC8F39E3CEDF76281 /* [CP] Check Pods Manifest.lock */,
				0A368A9B2C63F4720085DDA7 /* Sources */,
				0A368A9C2C63F4720085DDA7 /* Frameworks */,
				0A368A9D2C63F4720085DDA7 /* Resources */,
				64D5E9D1EC39458B40A25839 /* [CP] Embed Pods Frameworks */,
			);
			buildRules = (
			);
			dependencies = (
			);
			name = TheLexenNews;
			productName = TheLexenNews;
			productReference = 0A368A9F2C63F4720085DDA7 /* TheLexenNews.app */;
			productType = "com.apple.product-type.application";
		};
		0A368AB72C63F4730085DDA7 /* TheLexenNewsTests */ = {
			isa = PBXNativeTarget;
			buildConfigurationList = 0A368ACF2C63F4730085DDA7 /* Build configuration list for PBXNativeTarget "TheLexenNewsTests" */;
			buildPhases = (
				431519FAB34AA79745EF3844 /* [CP] Check Pods Manifest.lock */,
				0A368AB42C63F4730085DDA7 /* Sources */,
				0A368AB52C63F4730085DDA7 /* Frameworks */,
				0A368AB62C63F4730085DDA7 /* Resources */,
			);
			buildRules = (
			);
			dependencies = (
				0A368ABA2C63F4730085DDA7 /* PBXTargetDependency */,
			);
			name = TheLexenNewsTests;
			productName = TheLexenNewsTests;
			productReference = 0A368AB82C63F4730085DDA7 /* TheLexenNewsTests.xctest */;
			productType = "com.apple.product-type.bundle.unit-test";
		};
		0A368AC12C63F4730085DDA7 /* TheLexenNewsUITests */ = {
			isa = PBXNativeTarget;
			buildConfigurationList = 0A368AD22C63F4730085DDA7 /* Build configuration list for PBXNativeTarget "TheLexenNewsUITests" */;
			buildPhases = (
				D7A4627D10AD913196B8D17D /* [CP] Check Pods Manifest.lock */,
				0A368ABE2C63F4730085DDA7 /* Sources */,
				0A368ABF2C63F4730085DDA7 /* Frameworks */,
				0A368AC02C63F4730085DDA7 /* Resources */,
				5413C154A397C342CDD44508 /* [CP] Embed Pods Frameworks */,
			);
			buildRules = (
			);
			dependencies = (
				0A368AC42C63F4730085DDA7 /* PBXTargetDependency */,
			);
			name = TheLexenNewsUITests;
			productName = TheLexenNewsUITests;
			productReference = 0A368AC22C63F4730085DDA7 /* TheLexenNewsUITests.xctest */;
			productType = "com.apple.product-type.bundle.ui-testing";
		};
/* End PBXNativeTarget section */

/* Begin PBXProject section */
		0A368A972C63F4720085DDA7 /* Project object */ = {
			isa = PBXProject;
			attributes = {
				BuildIndependentTargetsInParallel = 1;
				LastSwiftUpdateCheck = 1540;
				LastUpgradeCheck = 1540;
				TargetAttributes = {
					0A368A9E2C63F4720085DDA7 = {
						CreatedOnToolsVersion = 15.4;
					};
					0A368AB72C63F4730085DDA7 = {
						CreatedOnToolsVersion = 15.4;
						TestTargetID = 0A368A9E2C63F4720085DDA7;
					};
					0A368AC12C63F4730085DDA7 = {
						CreatedOnToolsVersion = 15.4;
						TestTargetID = 0A368A9E2C63F4720085DDA7;
					};
				};
			};
			buildConfigurationList = 0A368A9A2C63F4720085DDA7 /* Build configuration list for PBXProject "TheLexenNews" */;
			compatibilityVersion = "Xcode 14.0";
			developmentRegion = en;
			hasScannedForEncodings = 0;
			knownRegions = (
				en,
				Base,
			);
			mainGroup = 0A368A962C63F4720085DDA7;
			productRefGroup = 0A368AA02C63F4720085DDA7 /* Products */;
			projectDirPath = "";
			projectRoot = "";
			targets = (
				0A368A9E2C63F4720085DDA7 /* TheLexenNews */,
				0A368AB72C63F4730085DDA7 /* TheLexenNewsTests */,
				0A368AC12C63F4730085DDA7 /* TheLexenNewsUITests */,
			);
		};
/* End PBXProject section */

/* Begin PBXResourcesBuildPhase section */
		0A368A9D2C63F4720085DDA7 /* Resources */ = {
			isa = PBXResourcesBuildPhase;
			buildActionMask = 2147483647;
			files = (
				0A7D6DF02C654B3D00D80945 /* RecomendationsTableViewCell.xib in Resources */,
				0A368AAF2C63F4730085DDA7 /* Assets.xcassets in Resources */,
				0A368AB22C63F4730085DDA7 /* Base in Resources */,
				0A8ABB9F2C67DD6400F56772 /* AllNewsViewController.xib in Resources */,
				0A368AF12C6451A50085DDA7 /* BreakingNewsCollectionViewCell.xib in Resources */,
				0A368AE32C644D080085DDA7 /* BreakingNewsHeaderTableViewCell.xib in Resources */,
				0A368AEB2C6450880085DDA7 /* BreakingNewsTableViewCell.xib in Resources */,
				0A44255A2C66AEEA009F38EB /* NewsDetailViewController.xib in Resources */,
				0A368ADE2C6415E50085DDA7 /* HomeViewController.xib in Resources */,
				0A8ABBA42C67DE4200F56772 /* CountryCollectionVIewCell.xib in Resources */,
				0A4C381D2C67049900F1ADB8 /* WebViewController.xib in Resources */,
				0A368AAA2C63F4720085DDA7 /* Base in Resources */,
				0A368AD92C63F52F0085DDA7 /* LaunchViewController.xib in Resources */,
			);
			runOnlyForDeploymentPostprocessing = 0;
		};
		0A368AB62C63F4730085DDA7 /* Resources */ = {
			isa = PBXResourcesBuildPhase;
			buildActionMask = 2147483647;
			files = (
			);
			runOnlyForDeploymentPostprocessing = 0;
		};
		0A368AC02C63F4730085DDA7 /* Resources */ = {
			isa = PBXResourcesBuildPhase;
			buildActionMask = 2147483647;
			files = (
			);
			runOnlyForDeploymentPostprocessing = 0;
		};
/* End PBXResourcesBuildPhase section */

/* Begin PBXShellScriptBuildPhase section */
		431519FAB34AA79745EF3844 /* [CP] Check Pods Manifest.lock */ = {
			isa = PBXShellScriptBuildPhase;
			buildActionMask = 2147483647;
			files = (
			);
			inputFileListPaths = (
			);
			inputPaths = (
				"${PODS_PODFILE_DIR_PATH}/Podfile.lock",
				"${PODS_ROOT}/Manifest.lock",
			);
			name = "[CP] Check Pods Manifest.lock";
			outputFileListPaths = (
			);
			outputPaths = (
				"$(DERIVED_FILE_DIR)/Pods-TheLexenNewsTests-checkManifestLockResult.txt",
			);
			runOnlyForDeploymentPostprocessing = 0;
			shellPath = /bin/sh;
			shellScript = "diff \"${PODS_PODFILE_DIR_PATH}/Podfile.lock\" \"${PODS_ROOT}/Manifest.lock\" > /dev/null\nif [ $? != 0 ] ; then\n    # print error to STDERR\n    echo \"error: The sandbox is not in sync with the Podfile.lock. Run 'pod install' or update your CocoaPods installation.\" >&2\n    exit 1\nfi\n# This output is used by Xcode 'outputs' to avoid re-running this script phase.\necho \"SUCCESS\" > \"${SCRIPT_OUTPUT_FILE_0}\"\n";
			showEnvVarsInLog = 0;
		};
		5413C154A397C342CDD44508 /* [CP] Embed Pods Frameworks */ = {
			isa = PBXShellScriptBuildPhase;
			buildActionMask = 2147483647;
			files = (
			);
			inputFileListPaths = (
				"${PODS_ROOT}/Target Support Files/Pods-TheLexenNews-TheLexenNewsUITests/Pods-TheLexenNews-TheLexenNewsUITests-frameworks-${CONFIGURATION}-input-files.xcfilelist",
			);
			name = "[CP] Embed Pods Frameworks";
			outputFileListPaths = (
				"${PODS_ROOT}/Target Support Files/Pods-TheLexenNews-TheLexenNewsUITests/Pods-TheLexenNews-TheLexenNewsUITests-frameworks-${CONFIGURATION}-output-files.xcfilelist",
			);
			runOnlyForDeploymentPostprocessing = 0;
			shellPath = /bin/sh;
			shellScript = "\"${PODS_ROOT}/Target Support Files/Pods-TheLexenNews-TheLexenNewsUITests/Pods-TheLexenNews-TheLexenNewsUITests-frameworks.sh\"\n";
			showEnvVarsInLog = 0;
		};
		64D5E9D1EC39458B40A25839 /* [CP] Embed Pods Frameworks */ = {
			isa = PBXShellScriptBuildPhase;
			buildActionMask = 2147483647;
			files = (
			);
			inputFileListPaths = (
				"${PODS_ROOT}/Target Support Files/Pods-TheLexenNews/Pods-TheLexenNews-frameworks-${CONFIGURATION}-input-files.xcfilelist",
			);
			name = "[CP] Embed Pods Frameworks";
			outputFileListPaths = (
				"${PODS_ROOT}/Target Support Files/Pods-TheLexenNews/Pods-TheLexenNews-frameworks-${CONFIGURATION}-output-files.xcfilelist",
			);
			runOnlyForDeploymentPostprocessing = 0;
			shellPath = /bin/sh;
			shellScript = "\"${PODS_ROOT}/Target Support Files/Pods-TheLexenNews/Pods-TheLexenNews-frameworks.sh\"\n";
			showEnvVarsInLog = 0;
		};
		A423CB1FC8F39E3CEDF76281 /* [CP] Check Pods Manifest.lock */ = {
			isa = PBXShellScriptBuildPhase;
			buildActionMask = 2147483647;
			files = (
			);
			inputFileListPaths = (
			);
			inputPaths = (
				"${PODS_PODFILE_DIR_PATH}/Podfile.lock",
				"${PODS_ROOT}/Manifest.lock",
			);
			name = "[CP] Check Pods Manifest.lock";
			outputFileListPaths = (
			);
			outputPaths = (
				"$(DERIVED_FILE_DIR)/Pods-TheLexenNews-checkManifestLockResult.txt",
			);
			runOnlyForDeploymentPostprocessing = 0;
			shellPath = /bin/sh;
			shellScript = "diff \"${PODS_PODFILE_DIR_PATH}/Podfile.lock\" \"${PODS_ROOT}/Manifest.lock\" > /dev/null\nif [ $? != 0 ] ; then\n    # print error to STDERR\n    echo \"error: The sandbox is not in sync with the Podfile.lock. Run 'pod install' or update your CocoaPods installation.\" >&2\n    exit 1\nfi\n# This output is used by Xcode 'outputs' to avoid re-running this script phase.\necho \"SUCCESS\" > \"${SCRIPT_OUTPUT_FILE_0}\"\n";
			showEnvVarsInLog = 0;
		};
		D7A4627D10AD913196B8D17D /* [CP] Check Pods Manifest.lock */ = {
			isa = PBXShellScriptBuildPhase;
			buildActionMask = 2147483647;
			files = (
			);
			inputFileListPaths = (
			);
			inputPaths = (
				"${PODS_PODFILE_DIR_PATH}/Podfile.lock",
				"${PODS_ROOT}/Manifest.lock",
			);
			name = "[CP] Check Pods Manifest.lock";
			outputFileListPaths = (
			);
			outputPaths = (
				"$(DERIVED_FILE_DIR)/Pods-TheLexenNews-TheLexenNewsUITests-checkManifestLockResult.txt",
			);
			runOnlyForDeploymentPostprocessing = 0;
			shellPath = /bin/sh;
			shellScript = "diff \"${PODS_PODFILE_DIR_PATH}/Podfile.lock\" \"${PODS_ROOT}/Manifest.lock\" > /dev/null\nif [ $? != 0 ] ; then\n    # print error to STDERR\n    echo \"error: The sandbox is not in sync with the Podfile.lock. Run 'pod install' or update your CocoaPods installation.\" >&2\n    exit 1\nfi\n# This output is used by Xcode 'outputs' to avoid re-running this script phase.\necho \"SUCCESS\" > \"${SCRIPT_OUTPUT_FILE_0}\"\n";
			showEnvVarsInLog = 0;
		};
/* End PBXShellScriptBuildPhase section */

/* Begin PBXSourcesBuildPhase section */
		0A368A9B2C63F4720085DDA7 /* Sources */ = {
			isa = PBXSourcesBuildPhase;
			buildActionMask = 2147483647;
			files = (
				0A4C381C2C67049900F1ADB8 /* WebViewController.swift in Sources */,
				0A8ABBA52C67DE4200F56772 /* CountryCollectionVIewCell.swift in Sources */,
				0A368AEC2C6450880085DDA7 /* BreakingNewsTableViewCell.swift in Sources */,
				0A368AA72C63F4720085DDA7 /* ViewController.swift in Sources */,
				0A8ABBA02C67DD6400F56772 /* AllNewsViewController.swift in Sources */,
				0A368AF22C6451A50085DDA7 /* BreakingNewsCollectionViewCell.swift in Sources */,
				0A368ADA2C63F52F0085DDA7 /* LaunchViewController.swift in Sources */,
				0A7D6DEB2C65405D00D80945 /* UIHelperFunctions.swift in Sources */,
				0A368AA32C63F4720085DDA7 /* AppDelegate.swift in Sources */,
				0A4425592C66AEEA009F38EB /* NewsDetailViewController.swift in Sources */,
				0A368AA52C63F4720085DDA7 /* SceneDelegate.swift in Sources */,
				0A368AE42C644D080085DDA7 /* BreakingNewsHeaderTableViewCell.swift in Sources */,
				0A44254F2C66793C009F38EB /* NetworkConstants.swift in Sources */,
				0A4425522C6683E3009F38EB /* EverythingModel.swift in Sources */,
				0A7D6DF12C654B3D00D80945 /* RecomendationsTableViewCell.swift in Sources */,
				0A44254B2C658712009F38EB /* HomeViewModel.swift in Sources */,
				0A368AAD2C63F4720085DDA7 /* TheLexenNews.xcdatamodeld in Sources */,
				0A368ADF2C6415E50085DDA7 /* HomeViewController.swift in Sources */,
				0A44254D2C658741009F38EB /* NetworkManager.swift in Sources */,
				0A8ABBA72C6811E900F56772 /* AllNewsViewModel.swift in Sources */,
				0A4425492C65867D009F38EB /* TopHeadlinesModel.swift in Sources */,
				0A368AE72C644FB00085DDA7 /* UIConstants.swift in Sources */,
			);
			runOnlyForDeploymentPostprocessing = 0;
		};
		0A368AB42C63F4730085DDA7 /* Sources */ = {
			isa = PBXSourcesBuildPhase;
			buildActionMask = 2147483647;
			files = (
				0A368ABD2C63F4730085DDA7 /* TheLexenNewsTests.swift in Sources */,
			);
			runOnlyForDeploymentPostprocessing = 0;
		};
		0A368ABE2C63F4730085DDA7 /* Sources */ = {
			isa = PBXSourcesBuildPhase;
			buildActionMask = 2147483647;
			files = (
				0A368AC92C63F4730085DDA7 /* TheLexenNewsUITestsLaunchTests.swift in Sources */,
				0A368AC72C63F4730085DDA7 /* TheLexenNewsUITests.swift in Sources */,
			);
			runOnlyForDeploymentPostprocessing = 0;
		};
/* End PBXSourcesBuildPhase section */

/* Begin PBXTargetDependency section */
		0A368ABA2C63F4730085DDA7 /* PBXTargetDependency */ = {
			isa = PBXTargetDependency;
			target = 0A368A9E2C63F4720085DDA7 /* TheLexenNews */;
			targetProxy = 0A368AB92C63F4730085DDA7 /* PBXContainerItemProxy */;
		};
		0A368AC42C63F4730085DDA7 /* PBXTargetDependency */ = {
			isa = PBXTargetDependency;
			target = 0A368A9E2C63F4720085DDA7 /* TheLexenNews */;
			targetProxy = 0A368AC32C63F4730085DDA7 /* PBXContainerItemProxy */;
		};
/* End PBXTargetDependency section */

/* Begin PBXVariantGroup section */
		0A368AA82C63F4720085DDA7 /* Main.storyboard */ = {
			isa = PBXVariantGroup;
			children = (
				0A368AA92C63F4720085DDA7 /* Base */,
			);
			name = Main.storyboard;
			sourceTree = "<group>";
		};
		0A368AB02C63F4730085DDA7 /* LaunchScreen.storyboard */ = {
			isa = PBXVariantGroup;
			children = (
				0A368AB12C63F4730085DDA7 /* Base */,
			);
			name = LaunchScreen.storyboard;
			sourceTree = "<group>";
		};
/* End PBXVariantGroup section */

/* Begin XCBuildConfiguration section */
		0A368ACA2C63F4730085DDA7 /* Debug */ = {
			isa = XCBuildConfiguration;
			buildSettings = {
				ALWAYS_SEARCH_USER_PATHS = NO;
				ASSETCATALOG_COMPILER_GENERATE_SWIFT_ASSET_SYMBOL_EXTENSIONS = YES;
				CLANG_ANALYZER_NONNULL = YES;
				CLANG_ANALYZER_NUMBER_OBJECT_CONVERSION = YES_AGGRESSIVE;
				CLANG_CXX_LANGUAGE_STANDARD = "gnu++20";
				CLANG_ENABLE_MODULES = YES;
				CLANG_ENABLE_OBJC_ARC = YES;
				CLANG_ENABLE_OBJC_WEAK = YES;
				CLANG_WARN_BLOCK_CAPTURE_AUTORELEASING = YES;
				CLANG_WARN_BOOL_CONVERSION = YES;
				CLANG_WARN_COMMA = YES;
				CLANG_WARN_CONSTANT_CONVERSION = YES;
				CLANG_WARN_DEPRECATED_OBJC_IMPLEMENTATIONS = YES;
				CLANG_WARN_DIRECT_OBJC_ISA_USAGE = YES_ERROR;
				CLANG_WARN_DOCUMENTATION_COMMENTS = YES;
				CLANG_WARN_EMPTY_BODY = YES;
				CLANG_WARN_ENUM_CONVERSION = YES;
				CLANG_WARN_INFINITE_RECURSION = YES;
				CLANG_WARN_INT_CONVERSION = YES;
				CLANG_WARN_NON_LITERAL_NULL_CONVERSION = YES;
				CLANG_WARN_OBJC_IMPLICIT_RETAIN_SELF = YES;
				CLANG_WARN_OBJC_LITERAL_CONVERSION = YES;
				CLANG_WARN_OBJC_ROOT_CLASS = YES_ERROR;
				CLANG_WARN_QUOTED_INCLUDE_IN_FRAMEWORK_HEADER = YES;
				CLANG_WARN_RANGE_LOOP_ANALYSIS = YES;
				CLANG_WARN_STRICT_PROTOTYPES = YES;
				CLANG_WARN_SUSPICIOUS_MOVE = YES;
				CLANG_WARN_UNGUARDED_AVAILABILITY = YES_AGGRESSIVE;
				CLANG_WARN_UNREACHABLE_CODE = YES;
				CLANG_WARN__DUPLICATE_METHOD_MATCH = YES;
				COPY_PHASE_STRIP = NO;
				DEBUG_INFORMATION_FORMAT = dwarf;
				ENABLE_STRICT_OBJC_MSGSEND = YES;
				ENABLE_TESTABILITY = YES;
				ENABLE_USER_SCRIPT_SANDBOXING = NO;
				GCC_C_LANGUAGE_STANDARD = gnu17;
				GCC_DYNAMIC_NO_PIC = NO;
				GCC_NO_COMMON_BLOCKS = YES;
				GCC_OPTIMIZATION_LEVEL = 0;
				GCC_PREPROCESSOR_DEFINITIONS = (
					"DEBUG=1",
					"$(inherited)",
				);
				GCC_WARN_64_TO_32_BIT_CONVERSION = YES;
				GCC_WARN_ABOUT_RETURN_TYPE = YES_ERROR;
				GCC_WARN_UNDECLARED_SELECTOR = YES;
				GCC_WARN_UNINITIALIZED_AUTOS = YES_AGGRESSIVE;
				GCC_WARN_UNUSED_FUNCTION = YES;
				GCC_WARN_UNUSED_VARIABLE = YES;
				IPHONEOS_DEPLOYMENT_TARGET = 17.5;
				LOCALIZATION_PREFERS_STRING_CATALOGS = YES;
				MTL_ENABLE_DEBUG_INFO = INCLUDE_SOURCE;
				MTL_FAST_MATH = YES;
				ONLY_ACTIVE_ARCH = YES;
				SDKROOT = iphoneos;
				SWIFT_ACTIVE_COMPILATION_CONDITIONS = "DEBUG $(inherited)";
				SWIFT_OPTIMIZATION_LEVEL = "-Onone";
			};
			name = Debug;
		};
		0A368ACB2C63F4730085DDA7 /* Release */ = {
			isa = XCBuildConfiguration;
			buildSettings = {
				ALWAYS_SEARCH_USER_PATHS = NO;
				ASSETCATALOG_COMPILER_GENERATE_SWIFT_ASSET_SYMBOL_EXTENSIONS = YES;
				CLANG_ANALYZER_NONNULL = YES;
				CLANG_ANALYZER_NUMBER_OBJECT_CONVERSION = YES_AGGRESSIVE;
				CLANG_CXX_LANGUAGE_STANDARD = "gnu++20";
				CLANG_ENABLE_MODULES = YES;
				CLANG_ENABLE_OBJC_ARC = YES;
				CLANG_ENABLE_OBJC_WEAK = YES;
				CLANG_WARN_BLOCK_CAPTURE_AUTORELEASING = YES;
				CLANG_WARN_BOOL_CONVERSION = YES;
				CLANG_WARN_COMMA = YES;
				CLANG_WARN_CONSTANT_CONVERSION = YES;
				CLANG_WARN_DEPRECATED_OBJC_IMPLEMENTATIONS = YES;
				CLANG_WARN_DIRECT_OBJC_ISA_USAGE = YES_ERROR;
				CLANG_WARN_DOCUMENTATION_COMMENTS = YES;
				CLANG_WARN_EMPTY_BODY = YES;
				CLANG_WARN_ENUM_CONVERSION = YES;
				CLANG_WARN_INFINITE_RECURSION = YES;
				CLANG_WARN_INT_CONVERSION = YES;
				CLANG_WARN_NON_LITERAL_NULL_CONVERSION = YES;
				CLANG_WARN_OBJC_IMPLICIT_RETAIN_SELF = YES;
				CLANG_WARN_OBJC_LITERAL_CONVERSION = YES;
				CLANG_WARN_OBJC_ROOT_CLASS = YES_ERROR;
				CLANG_WARN_QUOTED_INCLUDE_IN_FRAMEWORK_HEADER = YES;
				CLANG_WARN_RANGE_LOOP_ANALYSIS = YES;
				CLANG_WARN_STRICT_PROTOTYPES = YES;
				CLANG_WARN_SUSPICIOUS_MOVE = YES;
				CLANG_WARN_UNGUARDED_AVAILABILITY = YES_AGGRESSIVE;
				CLANG_WARN_UNREACHABLE_CODE = YES;
				CLANG_WARN__DUPLICATE_METHOD_MATCH = YES;
				COPY_PHASE_STRIP = NO;
				DEBUG_INFORMATION_FORMAT = "dwarf-with-dsym";
				ENABLE_NS_ASSERTIONS = NO;
				ENABLE_STRICT_OBJC_MSGSEND = YES;
				ENABLE_USER_SCRIPT_SANDBOXING = NO;
				GCC_C_LANGUAGE_STANDARD = gnu17;
				GCC_NO_COMMON_BLOCKS = YES;
				GCC_WARN_64_TO_32_BIT_CONVERSION = YES;
				GCC_WARN_ABOUT_RETURN_TYPE = YES_ERROR;
				GCC_WARN_UNDECLARED_SELECTOR = YES;
				GCC_WARN_UNINITIALIZED_AUTOS = YES_AGGRESSIVE;
				GCC_WARN_UNUSED_FUNCTION = YES;
				GCC_WARN_UNUSED_VARIABLE = YES;
				IPHONEOS_DEPLOYMENT_TARGET = 17.5;
				LOCALIZATION_PREFERS_STRING_CATALOGS = YES;
				MTL_ENABLE_DEBUG_INFO = NO;
				MTL_FAST_MATH = YES;
				SDKROOT = iphoneos;
				SWIFT_COMPILATION_MODE = wholemodule;
				VALIDATE_PRODUCT = YES;
			};
			name = Release;
		};
		0A368ACD2C63F4730085DDA7 /* Debug */ = {
			isa = XCBuildConfiguration;
			baseConfigurationReference = C7AD779B7AB266B941A83481 /* Pods-TheLexenNews.debug.xcconfig */;
			buildSettings = {
				ASSETCATALOG_COMPILER_APPICON_NAME = AppIcon;
				ASSETCATALOG_COMPILER_GLOBAL_ACCENT_COLOR_NAME = AccentColor;
				CODE_SIGN_STYLE = Automatic;
				CURRENT_PROJECT_VERSION = 1;
				DEVELOPMENT_TEAM = P35TG23C96;
				GENERATE_INFOPLIST_FILE = YES;
				INFOPLIST_FILE = TheLexenNews/Info.plist;
				INFOPLIST_KEY_UIApplicationSupportsIndirectInputEvents = YES;
				INFOPLIST_KEY_UILaunchStoryboardName = LaunchScreen;
				INFOPLIST_KEY_UIMainStoryboardFile = Main;
				INFOPLIST_KEY_UISupportedInterfaceOrientations_iPad = "UIInterfaceOrientationPortrait UIInterfaceOrientationPortraitUpsideDown UIInterfaceOrientationLandscapeLeft UIInterfaceOrientationLandscapeRight";
				INFOPLIST_KEY_UISupportedInterfaceOrientations_iPhone = "UIInterfaceOrientationPortrait UIInterfaceOrientationLandscapeLeft UIInterfaceOrientationLandscapeRight";
				LD_RUNPATH_SEARCH_PATHS = (
					"$(inherited)",
					"@executable_path/Frameworks",
				);
				MARKETING_VERSION = 1.0;
				PRODUCT_BUNDLE_IDENTIFIER = AKApps.TheLexenNews;
				PRODUCT_NAME = "$(TARGET_NAME)";
				SWIFT_EMIT_LOC_STRINGS = YES;
				SWIFT_VERSION = 5.0;
				TARGETED_DEVICE_FAMILY = "1,2";
			};
			name = Debug;
		};
		0A368ACE2C63F4730085DDA7 /* Release */ = {
			isa = XCBuildConfiguration;
			baseConfigurationReference = 04479B24AC65FF39A7FAAB04 /* Pods-TheLexenNews.release.xcconfig */;
			buildSettings = {
				ASSETCATALOG_COMPILER_APPICON_NAME = AppIcon;
				ASSETCATALOG_COMPILER_GLOBAL_ACCENT_COLOR_NAME = AccentColor;
				CODE_SIGN_STYLE = Automatic;
				CURRENT_PROJECT_VERSION = 1;
				DEVELOPMENT_TEAM = P35TG23C96;
				GENERATE_INFOPLIST_FILE = YES;
				INFOPLIST_FILE = TheLexenNews/Info.plist;
				INFOPLIST_KEY_UIApplicationSupportsIndirectInputEvents = YES;
				INFOPLIST_KEY_UILaunchStoryboardName = LaunchScreen;
				INFOPLIST_KEY_UIMainStoryboardFile = Main;
				INFOPLIST_KEY_UISupportedInterfaceOrientations_iPad = "UIInterfaceOrientationPortrait UIInterfaceOrientationPortraitUpsideDown UIInterfaceOrientationLandscapeLeft UIInterfaceOrientationLandscapeRight";
				INFOPLIST_KEY_UISupportedInterfaceOrientations_iPhone = "UIInterfaceOrientationPortrait UIInterfaceOrientationLandscapeLeft UIInterfaceOrientationLandscapeRight";
				LD_RUNPATH_SEARCH_PATHS = (
					"$(inherited)",
					"@executable_path/Frameworks",
				);
				MARKETING_VERSION = 1.0;
				PRODUCT_BUNDLE_IDENTIFIER = AKApps.TheLexenNews;
				PRODUCT_NAME = "$(TARGET_NAME)";
				SWIFT_EMIT_LOC_STRINGS = YES;
				SWIFT_VERSION = 5.0;
				TARGETED_DEVICE_FAMILY = "1,2";
			};
			name = Release;
		};
		0A368AD02C63F4730085DDA7 /* Debug */ = {
			isa = XCBuildConfiguration;
			baseConfigurationReference = 774A46E7BFF055DF66BA7B0D /* Pods-TheLexenNewsTests.debug.xcconfig */;
			buildSettings = {
				ALWAYS_EMBED_SWIFT_STANDARD_LIBRARIES = YES;
				BUNDLE_LOADER = "$(TEST_HOST)";
				CODE_SIGN_STYLE = Automatic;
				CURRENT_PROJECT_VERSION = 1;
				DEVELOPMENT_TEAM = P35TG23C96;
				GENERATE_INFOPLIST_FILE = YES;
				IPHONEOS_DEPLOYMENT_TARGET = 17.5;
				MARKETING_VERSION = 1.0;
				PRODUCT_BUNDLE_IDENTIFIER = AKApps.TheLexenNewsTests;
				PRODUCT_NAME = "$(TARGET_NAME)";
				SWIFT_EMIT_LOC_STRINGS = NO;
				SWIFT_VERSION = 5.0;
				TARGETED_DEVICE_FAMILY = "1,2";
				TEST_HOST = "$(BUILT_PRODUCTS_DIR)/TheLexenNews.app/$(BUNDLE_EXECUTABLE_FOLDER_PATH)/TheLexenNews";
			};
			name = Debug;
		};
		0A368AD12C63F4730085DDA7 /* Release */ = {
			isa = XCBuildConfiguration;
			baseConfigurationReference = 3A7308D7C22F27F786238180 /* Pods-TheLexenNewsTests.release.xcconfig */;
			buildSettings = {
				ALWAYS_EMBED_SWIFT_STANDARD_LIBRARIES = YES;
				BUNDLE_LOADER = "$(TEST_HOST)";
				CODE_SIGN_STYLE = Automatic;
				CURRENT_PROJECT_VERSION = 1;
				DEVELOPMENT_TEAM = P35TG23C96;
				GENERATE_INFOPLIST_FILE = YES;
				IPHONEOS_DEPLOYMENT_TARGET = 17.5;
				MARKETING_VERSION = 1.0;
				PRODUCT_BUNDLE_IDENTIFIER = AKApps.TheLexenNewsTests;
				PRODUCT_NAME = "$(TARGET_NAME)";
				SWIFT_EMIT_LOC_STRINGS = NO;
				SWIFT_VERSION = 5.0;
				TARGETED_DEVICE_FAMILY = "1,2";
				TEST_HOST = "$(BUILT_PRODUCTS_DIR)/TheLexenNews.app/$(BUNDLE_EXECUTABLE_FOLDER_PATH)/TheLexenNews";
			};
			name = Release;
		};
		0A368AD32C63F4730085DDA7 /* Debug */ = {
			isa = XCBuildConfiguration;
			baseConfigurationReference = A1B65A5DB675F39F6E00ED38 /* Pods-TheLexenNews-TheLexenNewsUITests.debug.xcconfig */;
			buildSettings = {
				ALWAYS_EMBED_SWIFT_STANDARD_LIBRARIES = YES;
				CODE_SIGN_STYLE = Automatic;
				CURRENT_PROJECT_VERSION = 1;
				DEVELOPMENT_TEAM = P35TG23C96;
				GENERATE_INFOPLIST_FILE = YES;
				MARKETING_VERSION = 1.0;
				PRODUCT_BUNDLE_IDENTIFIER = AKApps.TheLexenNewsUITests;
				PRODUCT_NAME = "$(TARGET_NAME)";
				SWIFT_EMIT_LOC_STRINGS = NO;
				SWIFT_VERSION = 5.0;
				TARGETED_DEVICE_FAMILY = "1,2";
				TEST_TARGET_NAME = TheLexenNews;
			};
			name = Debug;
		};
		0A368AD42C63F4730085DDA7 /* Release */ = {
			isa = XCBuildConfiguration;
			baseConfigurationReference = 3401FB75E4B635D5104D5D41 /* Pods-TheLexenNews-TheLexenNewsUITests.release.xcconfig */;
			buildSettings = {
				ALWAYS_EMBED_SWIFT_STANDARD_LIBRARIES = YES;
				CODE_SIGN_STYLE = Automatic;
				CURRENT_PROJECT_VERSION = 1;
				DEVELOPMENT_TEAM = P35TG23C96;
				GENERATE_INFOPLIST_FILE = YES;
				MARKETING_VERSION = 1.0;
				PRODUCT_BUNDLE_IDENTIFIER = AKApps.TheLexenNewsUITests;
				PRODUCT_NAME = "$(TARGET_NAME)";
				SWIFT_EMIT_LOC_STRINGS = NO;
				SWIFT_VERSION = 5.0;
				TARGETED_DEVICE_FAMILY = "1,2";
				TEST_TARGET_NAME = TheLexenNews;
			};
			name = Release;
		};
/* End XCBuildConfiguration section */

/* Begin XCConfigurationList section */
		0A368A9A2C63F4720085DDA7 /* Build configuration list for PBXProject "TheLexenNews" */ = {
			isa = XCConfigurationList;
			buildConfigurations = (
				0A368ACA2C63F4730085DDA7 /* Debug */,
				0A368ACB2C63F4730085DDA7 /* Release */,
			);
			defaultConfigurationIsVisible = 0;
			defaultConfigurationName = Release;
		};
		0A368ACC2C63F4730085DDA7 /* Build configuration list for PBXNativeTarget "TheLexenNews" */ = {
			isa = XCConfigurationList;
			buildConfigurations = (
				0A368ACD2C63F4730085DDA7 /* Debug */,
				0A368ACE2C63F4730085DDA7 /* Release */,
			);
			defaultConfigurationIsVisible = 0;
			defaultConfigurationName = Release;
		};
		0A368ACF2C63F4730085DDA7 /* Build configuration list for PBXNativeTarget "TheLexenNewsTests" */ = {
			isa = XCConfigurationList;
			buildConfigurations = (
				0A368AD02C63F4730085DDA7 /* Debug */,
				0A368AD12C63F4730085DDA7 /* Release */,
			);
			defaultConfigurationIsVisible = 0;
			defaultConfigurationName = Release;
		};
		0A368AD22C63F4730085DDA7 /* Build configuration list for PBXNativeTarget "TheLexenNewsUITests" */ = {
			isa = XCConfigurationList;
			buildConfigurations = (
				0A368AD32C63F4730085DDA7 /* Debug */,
				0A368AD42C63F4730085DDA7 /* Release */,
			);
			defaultConfigurationIsVisible = 0;
			defaultConfigurationName = Release;
		};
/* End XCConfigurationList section */

/* Begin XCVersionGroup section */
		0A368AAB2C63F4720085DDA7 /* TheLexenNews.xcdatamodeld */ = {
			isa = XCVersionGroup;
			children = (
				0A368AAC2C63F4720085DDA7 /* TheLexenNews.xcdatamodel */,
			);
			currentVersion = 0A368AAC2C63F4720085DDA7 /* TheLexenNews.xcdatamodel */;
			path = TheLexenNews.xcdatamodeld;
			sourceTree = "<group>";
			versionGroupType = wrapper.xcdatamodel;
		};
/* End XCVersionGroup section */
	};
	rootObject = 0A368A972C63F4720085DDA7 /* Project object */;
}
